
Microsoft Visual Studio Solution File, Format Version 12.00
# Visual Studio Version 17
VisualStudioVersion = 17.14.36429.23 d17.14
MinimumVisualStudioVersion = 10.0.40219.1
Project("{FAE04EC0-301F-11D3-BF4B-00C04F79EFBC}") = "SistemaDeAgendamento.Web", "SistemaDeAgendamento.Web\SistemaDeAgendamento.Web.csproj", "{F8FA8850-CEC6-426F-BF16-CB68AABC6C1B}"
EndProject
Project("{FAE04EC0-301F-11D3-BF4B-00C04F79EFBC}") = "SistemaDeAgendamento.Services", "SistemaDeAgendamento.Services\SistemaDeAgendamento.Services.csproj", "{140C26DA-FD14-42DE-8F37-BF250C62B19B}"
EndProject
Project("{FAE04EC0-301F-11D3-BF4B-00C04F79EFBC}") = "SistemaDeAgendamento.Repositories", "SistemaDeAgendamento.Repositories\SistemaDeAgendamento.Repositories.csproj", "{AE22F140-D30C-4F59-9EF2-4F69B44159BE}"
EndProject
Global
	GlobalSection(SolutionConfigurationPlatforms) = preSolution
		Debug|Any CPU = Debug|Any CPU
		Release|Any CPU = Release|Any CPU
	EndGlobalSection
	GlobalSection(ProjectConfigurationPlatforms) = postSolution
		{F8FA8850-CEC6-426F-BF16-CB68AABC6C1B}.Debug|Any CPU.ActiveCfg = Debug|Any CPU
		{F8FA8850-CEC6-426F-BF16-CB68AABC6C1B}.Debug|Any CPU.Build.0 = Debug|Any CPU
		{F8FA8850-CEC6-426F-BF16-CB68AABC6C1B}.Release|Any CPU.ActiveCfg = Release|Any CPU
		{F8FA8850-CEC6-426F-BF16-CB68AABC6C1B}.Release|Any CPU.Build.0 = Release|Any CPU
		{140C26DA-FD14-42DE-8F37-BF250C62B19B}.Debug|Any CPU.ActiveCfg = Debug|Any CPU
		{140C26DA-FD14-42DE-8F37-BF250C62B19B}.Debug|Any CPU.Build.0 = Debug|Any CPU
		{140C26DA-FD14-42DE-8F37-BF250C62B19B}.Release|Any CPU.ActiveCfg = Release|Any CPU
		{140C26DA-FD14-42DE-8F37-BF250C62B19B}.Release|Any CPU.Build.0 = Release|Any CPU
		{AE22F140-D30C-4F59-9EF2-4F69B44159BE}.Debug|Any CPU.ActiveCfg = Debug|Any CPU
		{AE22F140-D30C-4F59-9EF2-4F69B44159BE}.Debug|Any CPU.Build.0 = Debug|Any CPU
		{AE22F140-D30C-4F59-9EF2-4F69B44159BE}.Release|Any CPU.ActiveCfg = Release|Any CPU
		{AE22F140-D30C-4F59-9EF2-4F69B44159BE}.Release|Any CPU.Build.0 = Release|Any CPU
	EndGlobalSection
	GlobalSection(SolutionProperties) = preSolution
		HideSolutionNode = FALSE
	EndGlobalSection
	GlobalSection(ExtensibilityGlobals) = postSolution
		SolutionGuid = {D2BEB99C-AC0D-48FB-9CA5-F6EF8BC91BBF}
	EndGlobalSection
EndGlobal
